Microsoft Visual Studio Solution File, Format Version 12.00
# Visual Studio Version 17
VisualStudioVersion = 17.13.35806.99
MinimumVisualStudioVersion = 10.0.40219.1
Project("{FAE04EC0-301F-11D3-BF4B-00C04F79EFBC}") = "ZeroOneX", "ZeroOneX\ZeroOneX.csproj", "{FF486F3D-3E06-42B2-BEB1-BBD81696D8CB}"
EndProject
Global
	GlobalSection(SolutionConfigurationPlatforms) = preSolution
		Debug|Any CPU = Debug|Any CPU
		Release|Any CPU = Release|Any CPU
	EndGlobalSection
	GlobalSection(ProjectConfigurationPlatforms) = postSolution
		{FF486F3D-3E06-42B2-BEB1-BBD81696D8CB}.Debug|Any CPU.ActiveCfg = Debug|Any CPU
		{FF486F3D-3E06-42B2-BEB1-BBD81696D8CB}.Debug|Any CPU.Build.0 = Debug|Any CPU
		{FF486F3D-3E06-42B2-BEB1-BBD81696D8CB}.Release|Any CPU.ActiveCfg = Release|Any CPU
		{FF486F3D-3E06-42B2-BEB1-BBD81696D8CB}.Release|Any CPU.Build.0 = Release|Any CPU
	EndGlobalSection
	GlobalSection(SolutionProperties) = preSolution
		HideSolutionNode = FALSE
	EndGlobalSection
	GlobalSection(ExtensibilityGlobals) = postSolution
		SolutionGuid = {09ED3F8D-AF48-43AE-9578-8123B3C0E530}
	EndGlobalSection
EndGlobal
